// !$*UTF8*$!
{
	archiveVersion = 1;
	classes = {
	};
	objectVersion = 45;
	objects = {

/* Begin PBXBuildFile section */
		1D3623260D0F684500981E51 /* LogMyNightAppDelegate.m in Sources */ = {isa = PBXBuildFile; fileRef = 1D3623250D0F684500981E51 /* LogMyNightAppDelegate.m */; };
		1D60589B0D05DD56006BFB54 /* main.m in Sources */ = {isa = PBXBuildFile; fileRef = 29B97316FDCFA39411CA2CEA /* main.m */; };
		1D60589F0D05DD5A006BFB54 /* Foundation.framework in Frameworks */ = {isa = PBXBuildFile; fileRef = 1D30AB110D05D00D00671497 /* Foundation.framework */; };
		1DF5F4E00D08C38300B7A737 /* UIKit.framework in Frameworks */ = {isa = PBXBuildFile; fileRef = 1DF5F4DF0D08C38300B7A737 /* UIKit.framework */; };
		2892E4100DC94CBA00A64D0F /* CoreGraphics.framework in Frameworks */ = {isa = PBXBuildFile; fileRef = 2892E40F0DC94CBA00A64D0F /* CoreGraphics.framework */; };
		28AD73600D9D9599002E5188 /* MainWindow.xib in Resources */ = {isa = PBXBuildFile; fileRef = 28AD735F0D9D9599002E5188 /* MainWindow.xib */; };
		28C286E10D94DF7D0034E888 /* RootViewController.m in Sources */ = {isa = PBXBuildFile; fileRef = 28C286E00D94DF7D0034E888 /* RootViewController.m */; };
		28F335F11007B36200424DE2 /* RootViewController.xib in Resources */ = {isa = PBXBuildFile; fileRef = 28F335F01007B36200424DE2 /* RootViewController.xib */; };
		6571683F11BE906D00B4ACCD /* libCorePlot-CocoaTouch.a in Frameworks */ = {isa = PBXBuildFile; fileRef = 6571683411BE904500B4ACCD /* libCorePlot-CocoaTouch.a */; };
		6571684A11BE90DD00B4ACCD /* DiagramViewController.m in Sources */ = {isa = PBXBuildFile; fileRef = 6571684911BE90DD00B4ACCD /* DiagramViewController.m */; };
		6571684E11BE910700B4ACCD /* QuartzCore.framework in Frameworks */ = {isa = PBXBuildFile; fileRef = 6571684D11BE910700B4ACCD /* QuartzCore.framework */; };
		6571685811BE932100B4ACCD /* ABDiagramData.m in Sources */ = {isa = PBXBuildFile; fileRef = 6571685711BE932100B4ACCD /* ABDiagramData.m */; };
		657168E011BEA20F00B4ACCD /* DiagramView.xib in Resources */ = {isa = PBXBuildFile; fileRef = 657168DF11BEA20F00B4ACCD /* DiagramView.xib */; };
		6F0AA4E71177047E009289D9 /* Drink.m in Sources */ = {isa = PBXBuildFile; fileRef = 6F0AA4E61177047E009289D9 /* Drink.m */; };
		6F39F48611A9744C00E8D880 /* background_blackgradient.png in Resources */ = {isa = PBXBuildFile; fileRef = 6F39F48511A9744C00E8D880 /* background_blackgradient.png */; };
		6F39F4F011A9E6E100E8D880 /* Icon_Bier.png in Resources */ = {isa = PBXBuildFile; fileRef = 6F39F4EF11A9E6E100E8D880 /* Icon_Bier.png */; };
		6F39F51311AA769500E8D880 /* gradient_cell.png in Resources */ = {isa = PBXBuildFile; fileRef = 6F39F51211AA769500E8D880 /* gradient_cell.png */; };
		6F39F51F11AA779300E8D880 /* gradientback.png in Resources */ = {isa = PBXBuildFile; fileRef = 6F39F51E11AA779300E8D880 /* gradientback.png */; };
		6F39F57511AAAD8700E8D880 /* Icon_Anti_big.png in Resources */ = {isa = PBXBuildFile; fileRef = 6F39F57311AAAD8700E8D880 /* Icon_Anti_big.png */; };
		6F39F57611AAAD8700E8D880 /* Icon_Anti.png in Resources */ = {isa = PBXBuildFile; fileRef = 6F39F57411AAAD8700E8D880 /* Icon_Anti.png */; };
		6F39F57A11AAADA500E8D880 /* Icon_Bier_big.png in Resources */ = {isa = PBXBuildFile; fileRef = 6F39F57711AAADA500E8D880 /* Icon_Bier_big.png */; };
		6F39F57B11AAADA500E8D880 /* Icon_Cocktail_big.png in Resources */ = {isa = PBXBuildFile; fileRef = 6F39F57811AAADA500E8D880 /* Icon_Cocktail_big.png */; };
		6F39F57C11AAADA500E8D880 /* Icon_Cocktail.png in Resources */ = {isa = PBXBuildFile; fileRef = 6F39F57911AAADA500E8D880 /* Icon_Cocktail.png */; };
		6F39F57F11AAADC100E8D880 /* Icon_Shot_big.png in Resources */ = {isa = PBXBuildFile; fileRef = 6F39F57D11AAADC100E8D880 /* Icon_Shot_big.png */; };
		6F39F58011AAADC100E8D880 /* Icon_Shot.png in Resources */ = {isa = PBXBuildFile; fileRef = 6F39F57E11AAADC100E8D880 /* Icon_Shot.png */; };
		6F39F58311AAADD200E8D880 /* Icon_Wein_big.png in Resources */ = {isa = PBXBuildFile; fileRef = 6F39F58111AAADD200E8D880 /* Icon_Wein_big.png */; };
		6F39F58411AAADD200E8D880 /* Icon_Wein.png in Resources */ = {isa = PBXBuildFile; fileRef = 6F39F58211AAADD200E8D880 /* Icon_Wein.png */; };
		6F39F5AA11AAB44600E8D880 /* LogMyNightDB.sqlite in Resources */ = {isa = PBXBuildFile; fileRef = 6F39F5A911AAB44600E8D880 /* LogMyNightDB.sqlite */; };
		6F39F63011AACF1600E8D880 /* gradient_cellselected.png in Resources */ = {isa = PBXBuildFile; fileRef = 6F39F62F11AACF1600E8D880 /* gradient_cellselected.png */; };
		6F3D0B721174DE64005FE172 /* DetailViewController.xib in Resources */ = {isa = PBXBuildFile; fileRef = 6F3D0B711174DE64005FE172 /* DetailViewController.xib */; };
		6F3D0B791174DF27005FE172 /* DetailViewController.m in Sources */ = {isa = PBXBuildFile; fileRef = 6F3D0B781174DF27005FE172 /* DetailViewController.m */; };
		6F58FC0E117A17A7005BE6DB /* libsqlite3.0.dylib in Frameworks */ = {isa = PBXBuildFile; fileRef = 6F58FC0D117A17A7005BE6DB /* libsqlite3.0.dylib */; };
		6F58FC14117A1A74005BE6DB /* DrinkProvider.m in Sources */ = {isa = PBXBuildFile; fileRef = 6F58FC13117A1A74005BE6DB /* DrinkProvider.m */; };
		6F58FC17117A1A7F005BE6DB /* DrinkHistoryProvider.m in Sources */ = {isa = PBXBuildFile; fileRef = 6F58FC16117A1A7F005BE6DB /* DrinkHistoryProvider.m */; };
		6F58FC24117A3DC7005BE6DB /* DBConnectionManager.m in Sources */ = {isa = PBXBuildFile; fileRef = 6F58FC23117A3DC7005BE6DB /* DBConnectionManager.m */; };
		6F72FAE41172312400461353 /* CoreData.framework in Frameworks */ = {isa = PBXBuildFile; fileRef = 6F72FAE31172312400461353 /* CoreData.framework */; };
		6F779366117788F000113244 /* DrinkHistory.m in Sources */ = {isa = PBXBuildFile; fileRef = 6F779365117788F000113244 /* DrinkHistory.m */; };
		6F8F64FC117E04140034DD07 /* AnalyseViewController.m in Sources */ = {isa = PBXBuildFile; fileRef = 6F8F64FA117E04140034DD07 /* AnalyseViewController.m */; };
		6F8F64FD117E04140034DD07 /* AnalyseViewController.xib in Resources */ = {isa = PBXBuildFile; fileRef = 6F8F64FB117E04140034DD07 /* AnalyseViewController.xib */; };
		6FED5DAB11A6A64B0033B3A2 /* middleRow.png in Resources */ = {isa = PBXBuildFile; fileRef = 6FED5DA911A6A64B0033B3A2 /* middleRow.png */; };
		6FED5DAC11A6A64B0033B3A2 /* middleRowSelected.png in Resources */ = {isa = PBXBuildFile; fileRef = 6FED5DAA11A6A64B0033B3A2 /* middleRowSelected.png */; };
		6FED5DEC11A827990033B3A2 /* indicator.png in Resources */ = {isa = PBXBuildFile; fileRef = 6FED5DEB11A827990033B3A2 /* indicator.png */; };
		6FED5E1A11A82D410033B3A2 /* imageA.png in Resources */ = {isa = PBXBuildFile; fileRef = 6FED5E1911A82D410033B3A2 /* imageA.png */; };
		6FED5E7A11A932D60033B3A2 /* Hintergrund_Balken.svg in Resources */ = {isa = PBXBuildFile; fileRef = 6FED5E7911A932D60033B3A2 /* Hintergrund_Balken.svg */; };
/* End PBXBuildFile section */

/* Begin PBXContainerItemProxy section */
		6571683311BE904500B4ACCD /* PBXContainerItemProxy */ = {
			isa = PBXContainerItemProxy;
			containerPortal = 6571682E11BE904500B4ACCD /* CorePlot-CocoaTouch.xcodeproj */;
			proxyType = 2;
			remoteGlobalIDString = BC9B83470FB8A0A40035D8DA;
			remoteInfo = "CorePlot-CocoaTouch";
		};
		6571683D11BE905900B4ACCD /* PBXContainerItemProxy */ = {
			isa = PBXContainerItemProxy;
			containerPortal = 6571682E11BE904500B4ACCD /* CorePlot-CocoaTouch.xcodeproj */;
			proxyType = 1;
			remoteGlobalIDString = BC9B83460FB8A0A40035D8DA;
			remoteInfo = "CorePlot-CocoaTouch";
		};
/* End PBXContainerItemProxy section */

/* Begin PBXFileReference section */
		1D30AB110D05D00D00671497 /* Foundation.framework */ = {isa = PBXFileReference; lastKnownFileType = wrapper.framework; name = Foundation.framework; path = System/Library/Frameworks/Foundation.framework; sourceTree = SDKROOT; };
		1D3623240D0F684500981E51 /* LogMyNightAppDelegate.h */ = {isa = PBXFileReference; fileEncoding = 4; lastKnownFileType = sourcecode.c.h; path = LogMyNightAppDelegate.h; sourceTree = "<group>"; };
		1D3623250D0F684500981E51 /* LogMyNightAppDelegate.m */ = {isa = PBXFileReference; fileEncoding = 4; lastKnownFileType = sourcecode.c.objc; path = LogMyNightAppDelegate.m; sourceTree = "<group>"; };
		1D6058910D05DD3D006BFB54 /* LogMyNight.app */ = {isa = PBXFileReference; explicitFileType = wrapper.application; includeInIndex = 0; path = LogMyNight.app; sourceTree = BUILT_PRODUCTS_DIR; };
		1DF5F4DF0D08C38300B7A737 /* UIKit.framework */ = {isa = PBXFileReference; lastKnownFileType = wrapper.framework; name = UIKit.framework; path = System/Library/Frameworks/UIKit.framework; sourceTree = SDKROOT; };
		2892E40F0DC94CBA00A64D0F /* CoreGraphics.framework */ = {isa = PBXFileReference; lastKnownFileType = wrapper.framework; name = CoreGraphics.framework; path = System/Library/Frameworks/CoreGraphics.framework; sourceTree = SDKROOT; };
		28A0AAE50D9B0CCF005BE974 /* LogMyNight_Prefix.pch */ = {isa = PBXFileReference; fileEncoding = 4; lastKnownFileType = sourcecode.c.h; path = LogMyNight_Prefix.pch; sourceTree = "<group>"; };
		28AD735F0D9D9599002E5188 /* MainWindow.xib */ = {isa = PBXFileReference; lastKnownFileType = file.xib; path = MainWindow.xib; sourceTree = "<group>"; };
		28C286DF0D94DF7D0034E888 /* RootViewController.h */ = {isa = PBXFileReference; fileEncoding = 4; lastKnownFileType = sourcecode.c.h; path = RootViewController.h; sourceTree = "<group>"; };
		28C286E00D94DF7D0034E888 /* RootViewController.m */ = {isa = PBXFileReference; fileEncoding = 4; lastKnownFileType = sourcecode.c.objc; path = RootViewController.m; sourceTree = "<group>"; };
		28F335F01007B36200424DE2 /* RootViewController.xib */ = {isa = PBXFileReference; lastKnownFileType = file.xib; path = RootViewController.xib; sourceTree = "<group>"; };
		29B97316FDCFA39411CA2CEA /* main.m */ = {isa = PBXFileReference; fileEncoding = 4; lastKnownFileType = sourcecode.c.objc; path = main.m; sourceTree = "<group>"; };
		6571682E11BE904500B4ACCD /* CorePlot-CocoaTouch.xcodeproj */ = {isa = PBXFileReference; lastKnownFileType = "wrapper.pb-project"; name = "CorePlot-CocoaTouch.xcodeproj"; path = "../Frameworks/core-plot/framework/CorePlot-CocoaTouch.xcodeproj"; sourceTree = SOURCE_ROOT; };
		6571684811BE90DD00B4ACCD /* DiagramViewController.h */ = {isa = PBXFileReference; fileEncoding = 4; lastKnownFileType = sourcecode.c.h; path = DiagramViewController.h; sourceTree = "<group>"; };
		6571684911BE90DD00B4ACCD /* DiagramViewController.m */ = {isa = PBXFileReference; fileEncoding = 4; lastKnownFileType = sourcecode.c.objc; path = DiagramViewController.m; sourceTree = "<group>"; };
		6571684D11BE910700B4ACCD /* QuartzCore.framework */ = {isa = PBXFileReference; lastKnownFileType = wrapper.framework; name = QuartzCore.framework; path = System/Library/Frameworks/QuartzCore.framework; sourceTree = SDKROOT; };
		6571685611BE932100B4ACCD /* ABDiagramData.h */ = {isa = PBXFileReference; fileEncoding = 4; lastKnownFileType = sourcecode.c.h; path = ABDiagramData.h; sourceTree = "<group>"; };
		6571685711BE932100B4ACCD /* ABDiagramData.m */ = {isa = PBXFileReference; fileEncoding = 4; lastKnownFileType = sourcecode.c.objc; path = ABDiagramData.m; sourceTree = "<group>"; };
		657168DF11BEA20F00B4ACCD /* DiagramView.xib */ = {isa = PBXFileReference; lastKnownFileType = file.xib; path = DiagramView.xib; sourceTree = "<group>"; };
		6F0AA4E51177047E009289D9 /* Drink.h */ = {isa = PBXFileReference; fileEncoding = 4; lastKnownFileType = sourcecode.c.h; path = Drink.h; sourceTree = "<group>"; };
		6F0AA4E61177047E009289D9 /* Drink.m */ = {isa = PBXFileReference; fileEncoding = 4; lastKnownFileType = sourcecode.c.objc; path = Drink.m; sourceTree = "<group>"; };
		6F39F48511A9744C00E8D880 /* background_blackgradient.png */ = {isa = PBXFileReference; lastKnownFileType = image.png; name = background_blackgradient.png; path = Classes/background_blackgradient.png; sourceTree = "<group>"; };
		6F39F4EF11A9E6E100E8D880 /* Icon_Bier.png */ = {isa = PBXFileReference; lastKnownFileType = image.png; name = Icon_Bier.png; path = Classes/Icon_Bier.png; sourceTree = "<group>"; };
		6F39F51211AA769500E8D880 /* gradient_cell.png */ = {isa = PBXFileReference; lastKnownFileType = image.png; name = gradient_cell.png; path = Classes/gradient_cell.png; sourceTree = "<group>"; };
		6F39F51E11AA779300E8D880 /* gradientback.png */ = {isa = PBXFileReference; lastKnownFileType = image.png; name = gradientback.png; path = Classes/gradientback.png; sourceTree = "<group>"; };
		6F39F57311AAAD8700E8D880 /* Icon_Anti_big.png */ = {isa = PBXFileReference; lastKnownFileType = image.png; name = Icon_Anti_big.png; path = Classes/Icon_Anti_big.png; sourceTree = "<group>"; };
		6F39F57411AAAD8700E8D880 /* Icon_Anti.png */ = {isa = PBXFileReference; lastKnownFileType = image.png; name = Icon_Anti.png; path = Classes/Icon_Anti.png; sourceTree = "<group>"; };
		6F39F57711AAADA500E8D880 /* Icon_Bier_big.png */ = {isa = PBXFileReference; lastKnownFileType = image.png; name = Icon_Bier_big.png; path = Classes/Icon_Bier_big.png; sourceTree = "<group>"; };
		6F39F57811AAADA500E8D880 /* Icon_Cocktail_big.png */ = {isa = PBXFileReference; lastKnownFileType = image.png; name = Icon_Cocktail_big.png; path = Classes/Icon_Cocktail_big.png; sourceTree = "<group>"; };
		6F39F57911AAADA500E8D880 /* Icon_Cocktail.png */ = {isa = PBXFileReference; lastKnownFileType = image.png; name = Icon_Cocktail.png; path = Classes/Icon_Cocktail.png; sourceTree = "<group>"; };
		6F39F57D11AAADC100E8D880 /* Icon_Shot_big.png */ = {isa = PBXFileReference; lastKnownFileType = image.png; name = Icon_Shot_big.png; path = Classes/Icon_Shot_big.png; sourceTree = "<group>"; };
		6F39F57E11AAADC100E8D880 /* Icon_Shot.png */ = {isa = PBXFileReference; lastKnownFileType = image.png; name = Icon_Shot.png; path = Classes/Icon_Shot.png; sourceTree = "<group>"; };
		6F39F58111AAADD200E8D880 /* Icon_Wein_big.png */ = {isa = PBXFileReference; lastKnownFileType = image.png; name = Icon_Wein_big.png; path = Classes/Icon_Wein_big.png; sourceTree = "<group>"; };
		6F39F58211AAADD200E8D880 /* Icon_Wein.png */ = {isa = PBXFileReference; lastKnownFileType = image.png; name = Icon_Wein.png; path = Classes/Icon_Wein.png; sourceTree = "<group>"; };
		6F39F5A911AAB44600E8D880 /* LogMyNightDB.sqlite */ = {isa = PBXFileReference; lastKnownFileType = file; path = LogMyNightDB.sqlite; sourceTree = "<group>"; };
		6F39F62F11AACF1600E8D880 /* gradient_cellselected.png */ = {isa = PBXFileReference; lastKnownFileType = image.png; name = gradient_cellselected.png; path = Classes/gradient_cellselected.png; sourceTree = "<group>"; };
		6F3D0B711174DE64005FE172 /* DetailViewController.xib */ = {isa = PBXFileReference; lastKnownFileType = file.xib; name = DetailViewController.xib; path = Classes/DetailViewController.xib; sourceTree = "<group>"; };
		6F3D0B771174DF27005FE172 /* DetailViewController.h */ = {isa = PBXFileReference; fileEncoding = 4; lastKnownFileType = sourcecode.c.h; path = DetailViewController.h; sourceTree = "<group>"; };
		6F3D0B781174DF27005FE172 /* DetailViewController.m */ = {isa = PBXFileReference; fileEncoding = 4; lastKnownFileType = sourcecode.c.objc; path = DetailViewController.m; sourceTree = "<group>"; };
		6F58FC0D117A17A7005BE6DB /* libsqlite3.0.dylib */ = {isa = PBXFileReference; lastKnownFileType = "compiled.mach-o.dylib"; name = libsqlite3.0.dylib; path = usr/lib/libsqlite3.0.dylib; sourceTree = SDKROOT; };
		6F58FC12117A1A74005BE6DB /* DrinkProvider.h */ = {isa = PBXFileReference; fileEncoding = 4; lastKnownFileType = sourcecode.c.h; path = DrinkProvider.h; sourceTree = "<group>"; };
		6F58FC13117A1A74005BE6DB /* DrinkProvider.m */ = {isa = PBXFileReference; fileEncoding = 4; lastKnownFileType = sourcecode.c.objc; path = DrinkProvider.m; sourceTree = "<group>"; };
		6F58FC15117A1A7F005BE6DB /* DrinkHistoryProvider.h */ = {isa = PBXFileReference; fileEncoding = 4; lastKnownFileType = sourcecode.c.h; path = DrinkHistoryProvider.h; sourceTree = "<group>"; };
		6F58FC16117A1A7F005BE6DB /* DrinkHistoryProvider.m */ = {isa = PBXFileReference; fileEncoding = 4; lastKnownFileType = sourcecode.c.objc; path = DrinkHistoryProvider.m; sourceTree = "<group>"; wrapsLines = 0; };
		6F58FC22117A3DC7005BE6DB /* DBConnectionManager.h */ = {isa = PBXFileReference; fileEncoding = 4; lastKnownFileType = sourcecode.c.h; path = DBConnectionManager.h; sourceTree = "<group>"; };
		6F58FC23117A3DC7005BE6DB /* DBConnectionManager.m */ = {isa = PBXFileReference; fileEncoding = 4; lastKnownFileType = sourcecode.c.objc; path = DBConnectionManager.m; sourceTree = "<group>"; };
		6F72FAE31172312400461353 /* CoreData.framework */ = {isa = PBXFileReference; lastKnownFileType = wrapper.framework; name = CoreData.framework; path = System/Library/Frameworks/CoreData.framework; sourceTree = SDKROOT; };
		6F779364117788F000113244 /* DrinkHistory.h */ = {isa = PBXFileReference; fileEncoding = 4; lastKnownFileType = sourcecode.c.h; path = DrinkHistory.h; sourceTree = "<group>"; };
		6F779365117788F000113244 /* DrinkHistory.m */ = {isa = PBXFileReference; fileEncoding = 4; lastKnownFileType = sourcecode.c.objc; path = DrinkHistory.m; sourceTree = "<group>"; };
		6F8F64F9117E04140034DD07 /* AnalyseViewController.h */ = {isa = PBXFileReference; fileEncoding = 4; lastKnownFileType = sourcecode.c.h; name = AnalyseViewController.h; path = ../AnalyseViewController.h; sourceTree = "<group>"; };
		6F8F64FA117E04140034DD07 /* AnalyseViewController.m */ = {isa = PBXFileReference; fileEncoding = 4; lastKnownFileType = sourcecode.c.objc; name = AnalyseViewController.m; path = ../AnalyseViewController.m; sourceTree = "<group>"; };
		6F8F64FB117E04140034DD07 /* AnalyseViewController.xib */ = {isa = PBXFileReference; lastKnownFileType = file.xib; path = AnalyseViewController.xib; sourceTree = "<group>"; };
		6FED5DA911A6A64B0033B3A2 /* middleRow.png */ = {isa = PBXFileReference; lastKnownFileType = image.png; name = middleRow.png; path = Classes/middleRow.png; sourceTree = "<group>"; };
		6FED5DAA11A6A64B0033B3A2 /* middleRowSelected.png */ = {isa = PBXFileReference; lastKnownFileType = image.png; name = middleRowSelected.png; path = Classes/middleRowSelected.png; sourceTree = "<group>"; };
		6FED5DEB11A827990033B3A2 /* indicator.png */ = {isa = PBXFileReference; lastKnownFileType = image.png; name = indicator.png; path = Classes/indicator.png; sourceTree = "<group>"; };
		6FED5E1911A82D410033B3A2 /* imageA.png */ = {isa = PBXFileReference; lastKnownFileType = image.png; name = imageA.png; path = Classes/imageA.png; sourceTree = "<group>"; };
		6FED5E7911A932D60033B3A2 /* Hintergrund_Balken.svg */ = {isa = PBXFileReference; fileEncoding = 4; lastKnownFileType = text.xml; name = Hintergrund_Balken.svg; path = Classes/Hintergrund_Balken.svg; sourceTree = "<group>"; };
		8D1107310486CEB800E47090 /* LogMyNight-Info.plist */ = {isa = PBXFileReference; fileEncoding = 4; lastKnownFileType = text.plist.xml; path = "LogMyNight-Info.plist"; plistStructureDefinitionIdentifier = "com.apple.xcode.plist.structure-definition.iphone.info-plist"; sourceTree = "<group>"; };
/* End PBXFileReference section */

/* Begin PBXFrameworksBuildPhase section */
		1D60588F0D05DD3D006BFB54 /* Frameworks */ = {
			isa = PBXFrameworksBuildPhase;
			buildActionMask = 2147483647;
			files = (
				6571683F11BE906D00B4ACCD /* libCorePlot-CocoaTouch.a in Frameworks */,
				1D60589F0D05DD5A006BFB54 /* Foundation.framework in Frameworks */,
				1DF5F4E00D08C38300B7A737 /* UIKit.framework in Frameworks */,
				2892E4100DC94CBA00A64D0F /* CoreGraphics.framework in Frameworks */,
				6F72FAE41172312400461353 /* CoreData.framework in Frameworks */,
				6F58FC0E117A17A7005BE6DB /* libsqlite3.0.dylib in Frameworks */,
				6571684E11BE910700B4ACCD /* QuartzCore.framework in Frameworks */,
			);
			runOnlyForDeploymentPostprocessing = 0;
		};
/* End PBXFrameworksBuildPhase section */

/* Begin PBXGroup section */
		080E96DDFE201D6D7F000001 /* Classes */ = {
			isa = PBXGroup;
			children = (
				6F58FBD711787FC2005BE6DB /* viewControler */,
				6F58FBD611787FA3005BE6DB /* dataprovider */,
				6F72FAA91172280B00461353 /* model */,
				1D3623240D0F684500981E51 /* LogMyNightAppDelegate.h */,
				1D3623250D0F684500981E51 /* LogMyNightAppDelegate.m */,
			);
			path = Classes;
			sourceTree = "<group>";
		};
		19C28FACFE9D520D11CA2CBB /* Products */ = {
			isa = PBXGroup;
			children = (
				1D6058910D05DD3D006BFB54 /* LogMyNight.app */,
			);
			name = Products;
			sourceTree = "<group>";
		};
		29B97314FDCFA39411CA2CEA /* CustomTemplate */ = {
			isa = PBXGroup;
			children = (
				6F58FC0D117A17A7005BE6DB /* libsqlite3.0.dylib */,
				6571682E11BE904500B4ACCD /* CorePlot-CocoaTouch.xcodeproj */,
				080E96DDFE201D6D7F000001 /* Classes */,
				29B97315FDCFA39411CA2CEA /* Other Sources */,
				29B97317FDCFA39411CA2CEA /* Resources */,
				29B97323FDCFA39411CA2CEA /* Frameworks */,
				19C28FACFE9D520D11CA2CBB /* Products */,
				6571684D11BE910700B4ACCD /* QuartzCore.framework */,
			);
			name = CustomTemplate;
			sourceTree = "<group>";
		};
		29B97315FDCFA39411CA2CEA /* Other Sources */ = {
			isa = PBXGroup;
			children = (
				28A0AAE50D9B0CCF005BE974 /* LogMyNight_Prefix.pch */,
				29B97316FDCFA39411CA2CEA /* main.m */,
			);
			name = "Other Sources";
			sourceTree = "<group>";
		};
		29B97317FDCFA39411CA2CEA /* Resources */ = {
			isa = PBXGroup;
			children = (
				6F39F5A911AAB44600E8D880 /* LogMyNightDB.sqlite */,
				6FED5D6011A69B0F0033B3A2 /* images */,
				6F3D0B711174DE64005FE172 /* DetailViewController.xib */,
				28F335F01007B36200424DE2 /* RootViewController.xib */,
				28AD735F0D9D9599002E5188 /* MainWindow.xib */,
				8D1107310486CEB800E47090 /* LogMyNight-Info.plist */,
				6F8F64FB117E04140034DD07 /* AnalyseViewController.xib */,
				657168DF11BEA20F00B4ACCD /* DiagramView.xib */,
			);
			name = Resources;
			sourceTree = "<group>";
		};
		29B97323FDCFA39411CA2CEA /* Frameworks */ = {
			isa = PBXGroup;
			children = (
				1DF5F4DF0D08C38300B7A737 /* UIKit.framework */,
				1D30AB110D05D00D00671497 /* Foundation.framework */,
				2892E40F0DC94CBA00A64D0F /* CoreGraphics.framework */,
				6F72FAE31172312400461353 /* CoreData.framework */,
			);
			name = Frameworks;
			sourceTree = "<group>";
		};
		6571682F11BE904500B4ACCD /* Products */ = {
			isa = PBXGroup;
			children = (
				6571683411BE904500B4ACCD /* libCorePlot-CocoaTouch.a */,
			);
			name = Products;
			sourceTree = "<group>";
		};
		6F58FBD611787FA3005BE6DB /* dataprovider */ = {
			isa = PBXGroup;
			children = (
				6F58FC15117A1A7F005BE6DB /* DrinkHistoryProvider.h */,
				6F58FC16117A1A7F005BE6DB /* DrinkHistoryProvider.m */,
				6F58FC12117A1A74005BE6DB /* DrinkProvider.h */,
				6F58FC13117A1A74005BE6DB /* DrinkProvider.m */,
				6F58FC22117A3DC7005BE6DB /* DBConnectionManager.h */,
				6F58FC23117A3DC7005BE6DB /* DBConnectionManager.m */,
			);
			name = dataprovider;
			sourceTree = "<group>";
		};
		6F58FBD711787FC2005BE6DB /* viewControler */ = {
			isa = PBXGroup;
			children = (
				6F8F64F9117E04140034DD07 /* AnalyseViewController.h */,
				6F8F64FA117E04140034DD07 /* AnalyseViewController.m */,
				28C286DF0D94DF7D0034E888 /* RootViewController.h */,
				28C286E00D94DF7D0034E888 /* RootViewController.m */,
				6F3D0B771174DF27005FE172 /* DetailViewController.h */,
				6F3D0B781174DF27005FE172 /* DetailViewController.m */,
				6571684811BE90DD00B4ACCD /* DiagramViewController.h */,
				6571684911BE90DD00B4ACCD /* DiagramViewController.m */,
			);
			name = viewControler;
			sourceTree = "<group>";
		};
		6F72FAA91172280B00461353 /* model */ = {
			isa = PBXGroup;
			children = (
				6571685611BE932100B4ACCD /* ABDiagramData.h */,
				6571685711BE932100B4ACCD /* ABDiagramData.m */,
				6F0AA4E51177047E009289D9 /* Drink.h */,
				6F0AA4E61177047E009289D9 /* Drink.m */,
				6F779364117788F000113244 /* DrinkHistory.h */,
				6F779365117788F000113244 /* DrinkHistory.m */,
			);
			name = model;
			sourceTree = "<group>";
		};
		6FED5D6011A69B0F0033B3A2 /* images */ = {
			isa = PBXGroup;
			children = (
				6F39F62F11AACF1600E8D880 /* gradient_cellselected.png */,
				6F39F57711AAADA500E8D880 /* Icon_Bier_big.png */,
				6F39F58111AAADD200E8D880 /* Icon_Wein_big.png */,
				6F39F58211AAADD200E8D880 /* Icon_Wein.png */,
				6F39F57D11AAADC100E8D880 /* Icon_Shot_big.png */,
				6F39F57E11AAADC100E8D880 /* Icon_Shot.png */,
				6F39F57811AAADA500E8D880 /* Icon_Cocktail_big.png */,
				6F39F57911AAADA500E8D880 /* Icon_Cocktail.png */,
				6F39F57311AAAD8700E8D880 /* Icon_Anti_big.png */,
				6F39F57411AAAD8700E8D880 /* Icon_Anti.png */,
				6F39F51E11AA779300E8D880 /* gradientback.png */,
				6F39F51211AA769500E8D880 /* gradient_cell.png */,
				6F39F4EF11A9E6E100E8D880 /* Icon_Bier.png */,
				6F39F48511A9744C00E8D880 /* background_blackgradient.png */,
				6FED5E7911A932D60033B3A2 /* Hintergrund_Balken.svg */,
				6FED5E1911A82D410033B3A2 /* imageA.png */,
				6FED5DEB11A827990033B3A2 /* indicator.png */,
				6FED5DA911A6A64B0033B3A2 /* middleRow.png */,
				6FED5DAA11A6A64B0033B3A2 /* middleRowSelected.png */,
			);
			name = images;
			sourceTree = "<group>";
		};
/* End PBXGroup section */

/* Begin PBXNativeTarget section */
		1D6058900D05DD3D006BFB54 /* LogMyNight */ = {
			isa = PBXNativeTarget;
			buildConfigurationList = 1D6058960D05DD3E006BFB54 /* Build configuration list for PBXNativeTarget "LogMyNight" */;
			buildPhases = (
				1D60588D0D05DD3D006BFB54 /* Resources */,
				1D60588E0D05DD3D006BFB54 /* Sources */,
				1D60588F0D05DD3D006BFB54 /* Frameworks */,
			);
			buildRules = (
			);
			dependencies = (
				6571683E11BE905900B4ACCD /* PBXTargetDependency */,
			);
			name = LogMyNight;
			productName = LogMyNight;
			productReference = 1D6058910D05DD3D006BFB54 /* LogMyNight.app */;
			productType = "com.apple.product-type.application";
		};
/* End PBXNativeTarget section */

/* Begin PBXProject section */
		29B97313FDCFA39411CA2CEA /* Project object */ = {
			isa = PBXProject;
			buildConfigurationList = C01FCF4E08A954540054247B /* Build configuration list for PBXProject "LogMyNight" */;
			compatibilityVersion = "Xcode 3.1";
			hasScannedForEncodings = 1;
			knownRegions = (
				English,
				Japanese,
				French,
				German,
				en,
			);
			mainGroup = 29B97314FDCFA39411CA2CEA /* CustomTemplate */;
			projectDirPath = "";
			projectReferences = (
				{
					ProductGroup = 6571682F11BE904500B4ACCD /* Products */;
					ProjectRef = 6571682E11BE904500B4ACCD /* CorePlot-CocoaTouch.xcodeproj */;
				},
			);
			projectRoot = "";
			targets = (
				1D6058900D05DD3D006BFB54 /* LogMyNight */,
			);
		};
/* End PBXProject section */

/* Begin PBXReferenceProxy section */
		6571683411BE904500B4ACCD /* libCorePlot-CocoaTouch.a */ = {
			isa = PBXReferenceProxy;
			fileType = archive.ar;
			path = "libCorePlot-CocoaTouch.a";
			remoteRef = 6571683311BE904500B4ACCD /* PBXContainerItemProxy */;
			sourceTree = BUILT_PRODUCTS_DIR;
		};
/* End PBXReferenceProxy section */

/* Begin PBXResourcesBuildPhase section */
		1D60588D0D05DD3D006BFB54 /* Resources */ = {
			isa = PBXResourcesBuildPhase;
			buildActionMask = 2147483647;
			files = (
				28AD73600D9D9599002E5188 /* MainWindow.xib in Resources */,
				28F335F11007B36200424DE2 /* RootViewController.xib in Resources */,
				6F3D0B721174DE64005FE172 /* DetailViewController.xib in Resources */,
				6F8F64FD117E04140034DD07 /* AnalyseViewController.xib in Resources */,
				6FED5DAB11A6A64B0033B3A2 /* middleRow.png in Resources */,
				6FED5DAC11A6A64B0033B3A2 /* middleRowSelected.png in Resources */,
				6FED5DEC11A827990033B3A2 /* indicator.png in Resources */,
				6FED5E1A11A82D410033B3A2 /* imageA.png in Resources */,
				6FED5E7A11A932D60033B3A2 /* Hintergrund_Balken.svg in Resources */,
				6F39F48611A9744C00E8D880 /* background_blackgradient.png in Resources */,
				6F39F4F011A9E6E100E8D880 /* Icon_Bier.png in Resources */,
				6F39F51311AA769500E8D880 /* gradient_cell.png in Resources */,
				6F39F51F11AA779300E8D880 /* gradientback.png in Resources */,
				6F39F57511AAAD8700E8D880 /* Icon_Anti_big.png in Resources */,
				6F39F57611AAAD8700E8D880 /* Icon_Anti.png in Resources */,
				6F39F57A11AAADA500E8D880 /* Icon_Bier_big.png in Resources */,
				6F39F57B11AAADA500E8D880 /* Icon_Cocktail_big.png in Resources */,
				6F39F57C11AAADA500E8D880 /* Icon_Cocktail.png in Resources */,
				6F39F57F11AAADC100E8D880 /* Icon_Shot_big.png in Resources */,
				6F39F58011AAADC100E8D880 /* Icon_Shot.png in Resources */,
				6F39F58311AAADD200E8D880 /* Icon_Wein_big.png in Resources */,
				6F39F58411AAADD200E8D880 /* Icon_Wein.png in Resources */,
				6F39F5AA11AAB44600E8D880 /* LogMyNightDB.sqlite in Resources */,
				6F39F63011AACF1600E8D880 /* gradient_cellselected.png in Resources */,
				657168E011BEA20F00B4ACCD /* DiagramView.xib in Resources */,
			);
			runOnlyForDeploymentPostprocessing = 0;
		};
/* End PBXResourcesBuildPhase section */

/* Begin PBXSourcesBuildPhase section */
		1D60588E0D05DD3D006BFB54 /* Sources */ = {
			isa = PBXSourcesBuildPhase;
			buildActionMask = 2147483647;
			files = (
				1D60589B0D05DD56006BFB54 /* main.m in Sources */,
				1D3623260D0F684500981E51 /* LogMyNightAppDelegate.m in Sources */,
				28C286E10D94DF7D0034E888 /* RootViewController.m in Sources */,
				6F3D0B791174DF27005FE172 /* DetailViewController.m in Sources */,
				6F0AA4E71177047E009289D9 /* Drink.m in Sources */,
				6F779366117788F000113244 /* DrinkHistory.m in Sources */,
				6F58FC14117A1A74005BE6DB /* DrinkProvider.m in Sources */,
				6F58FC17117A1A7F005BE6DB /* DrinkHistoryProvider.m in Sources */,
				6F58FC24117A3DC7005BE6DB /* DBConnectionManager.m in Sources */,
				6F8F64FC117E04140034DD07 /* AnalyseViewController.m in Sources */,
				6571684A11BE90DD00B4ACCD /* DiagramViewController.m in Sources */,
				6571685811BE932100B4ACCD /* ABDiagramData.m in Sources */,
			);
			runOnlyForDeploymentPostprocessing = 0;
		};
/* End PBXSourcesBuildPhase section */

/* Begin PBXTargetDependency section */
		6571683E11BE905900B4ACCD /* PBXTargetDependency */ = {
			isa = PBXTargetDependency;
			name = "CorePlot-CocoaTouch";
			targetProxy = 6571683D11BE905900B4ACCD /* PBXContainerItemProxy */;
		};
/* End PBXTargetDependency section */

/* Begin XCBuildConfiguration section */
		1D6058940D05DD3E006BFB54 /* Debug */ = {
			isa = XCBuildConfiguration;
			buildSettings = {
				ALWAYS_SEARCH_USER_PATHS = NO;
				COPY_PHASE_STRIP = NO;
				GCC_DYNAMIC_NO_PIC = NO;
				GCC_OPTIMIZATION_LEVEL = 0;
				GCC_PRECOMPILE_PREFIX_HEADER = YES;
				GCC_PREFIX_HEADER = LogMyNight_Prefix.pch;
				HEADER_SEARCH_PATHS = "../Frameworks/core-plot/framework/**";
				INFOPLIST_FILE = "LogMyNight-Info.plist";
				OTHER_LDFLAGS = "-ObjC";
				PRODUCT_NAME = LogMyNight;
			};
			name = Debug;
		};
		1D6058950D05DD3E006BFB54 /* Release */ = {
			isa = XCBuildConfiguration;
			buildSettings = {
				ALWAYS_SEARCH_USER_PATHS = NO;
				COPY_PHASE_STRIP = YES;
				GCC_PRECOMPILE_PREFIX_HEADER = YES;
				GCC_PREFIX_HEADER = LogMyNight_Prefix.pch;
				INFOPLIST_FILE = "LogMyNight-Info.plist";
				PRODUCT_NAME = LogMyNight;
			};
			name = Release;
		};
		C01FCF4F08A954540054247B /* Debug */ = {
			isa = XCBuildConfiguration;
			buildSettings = {
				ARCHS = "$(ARCHS_STANDARD_32_BIT)";
				"CODE_SIGN_IDENTITY[sdk=iphoneos*]" = "iPhone Developer";
				GCC_C_LANGUAGE_STANDARD = c99;
				GCC_WARN_ABOUT_RETURN_TYPE = YES;
				GCC_WARN_UNUSED_VARIABLE = YES;
				PREBINDING = NO;
				SDKROOT = iphoneos3.1.3;
			};
			name = Debug;
		};
		C01FCF5008A954540054247B /* Release */ = {
			isa = XCBuildConfiguration;
			buildSettings = {
				ARCHS = "$(ARCHS_STANDARD_32_BIT)";
				"CODE_SIGN_IDENTITY[sdk=iphoneos*]" = "iPhone Developer";
				GCC_C_LANGUAGE_STANDARD = c99;
				GCC_WARN_ABOUT_RETURN_TYPE = YES;
				GCC_WARN_UNUSED_VARIABLE = YES;
				PREBINDING = NO;
				SDKROOT = iphoneos3.1.3;
			};
			name = Release;
		};
/* End XCBuildConfiguration section */

/* Begin XCConfigurationList section */
		1D6058960D05DD3E006BFB54 /* Build configuration list for PBXNativeTarget "LogMyNight" */ = {
			isa = XCConfigurationList;
			buildConfigurations = (
				1D6058940D05DD3E006BFB54 /* Debug */,
				1D6058950D05DD3E006BFB54 /* Release */,
			);
			defaultConfigurationIsVisible = 0;
			defaultConfigurationName = Release;
		};
		C01FCF4E08A954540054247B /* Build configuration list for PBXProject "LogMyNight" */ = {
			isa = XCConfigurationList;
			buildConfigurations = (
				C01FCF4F08A954540054247B /* Debug */,
				C01FCF5008A954540054247B /* Release */,
			);
			defaultConfigurationIsVisible = 0;
			defaultConfigurationName = Release;
		};
/* End XCConfigurationList section */
	};
	rootObject = 29B97313FDCFA39411CA2CEA /* Project object */;
}
